// !$*UTF8*$!
{
	archiveVersion = 1;
	classes = {
	};
	objectVersion = 55;
	objects = {

/* Begin PBXBuildFile section */
		FF419302283ED4C7000C73F4 /* AppDelegate.swift in Sources */ = {isa = PBXBuildFile; fileRef = FF419301283ED4C7000C73F4 /* AppDelegate.swift */; };
		FF419304283ED4C7000C73F4 /* SceneDelegate.swift in Sources */ = {isa = PBXBuildFile; fileRef = FF419303283ED4C7000C73F4 /* SceneDelegate.swift */; };
		FF419306283ED4C7000C73F4 /* User in Sources */ = {isa = PBXBuildFile; fileRef = FF419305283ED4C7000C73F4 /* User */; };
		FF419309283ED4C7000C73F4 /* Main.storyboard in Resources */ = {isa = PBXBuildFile; fileRef = FF419307283ED4C7000C73F4 /* Main.storyboard */; };
		FF41930B283ED4CE000C73F4 /* Assets.xcassets in Resources */ = {isa = PBXBuildFile; fileRef = FF41930A283ED4CE000C73F4 /* Assets.xcassets */; };
		FF41930E283ED4CE000C73F4 /* LaunchScreen.storyboard in Resources */ = {isa = PBXBuildFile; fileRef = FF41930C283ED4CE000C73F4 /* LaunchScreen.storyboard */; };
		FF41931A283ED5CB000C73F4 /* Presenter.swift in Sources */ = {isa = PBXBuildFile; fileRef = FF419319283ED5CB000C73F4 /* Presenter.swift */; };
		FF41931C283ED61A000C73F4 /* UserViewController.swift in Sources */ = {isa = PBXBuildFile; fileRef = FF41931B283ED61A000C73F4 /* UserViewController.swift */; };
		FF41931E283ED652000C73F4 /* User.swift in Sources */ = {isa = PBXBuildFile; fileRef = FF41931D283ED652000C73F4 /* User.swift */; };
/* End PBXBuildFile section */

/* Begin PBXFileReference section */
		FF4192FE283ED4C7000C73F4 /* MVPDesignPattern.app */ = {isa = PBXFileReference; explicitFileType = wrapper.application; includeInIndex = 0; path = MVPDesignPattern.app; sourceTree = BUILT_PRODUCTS_DIR; };
		FF419301283ED4C7000C73F4 /* AppDelegate.swift */ = {isa = PBXFileReference; lastKnownFileType = sourcecode.swift; path = AppDelegate.swift; sourceTree = "<group>"; };
		FF419303283ED4C7000C73F4 /* SceneDelegate.swift */ = {isa = PBXFileReference; lastKnownFileType = sourcecode.swift; path = SceneDelegate.swift; sourceTree = "<group>"; };
		FF419305283ED4C7000C73F4 /* User */ = {isa = PBXFileReference; lastKnownFileType = text; path = User; sourceTree = "<group>"; };
		FF419308283ED4C7000C73F4 /* Base */ = {isa = PBXFileReference; lastKnownFileType = file.storyboard; name = Base; path = Base.lproj/Main.storyboard; sourceTree = "<group>"; };
		FF41930A283ED4CE000C73F4 /* Assets.xcassets */ = {isa = PBXFileReference; lastKnownFileType = folder.assetcatalog; path = Assets.xcassets; sourceTree = "<group>"; };
		FF41930D283ED4CE000C73F4 /* Base */ = {isa = PBXFileReference; lastKnownFileType = file.storyboard; name = Base; path = Base.lproj/LaunchScreen.storyboard; sourceTree = "<group>"; };
		FF41930F283ED4CE000C73F4 /* Info.plist */ = {isa = PBXFileReference; lastKnownFileType = text.plist.xml; path = Info.plist; sourceTree = "<group>"; };
		FF419319283ED5CB000C73F4 /* Presenter.swift */ = {isa = PBXFileReference; lastKnownFileType = sourcecode.swift; path = Presenter.swift; sourceTree = "<group>"; };
		FF41931B283ED61A000C73F4 /* UserViewController.swift */ = {isa = PBXFileReference; lastKnownFileType = sourcecode.swift; path = UserViewController.swift; sourceTree = "<group>"; };
		FF41931D283ED652000C73F4 /* User.swift */ = {isa = PBXFileReference; lastKnownFileType = sourcecode.swift; path = User.swift; sourceTree = "<group>"; };
/* End PBXFileReference section */

/* Begin PBXFrameworksBuildPhase section */
		FF4192FB283ED4C7000C73F4 /* Frameworks */ = {
			isa = PBXFrameworksBuildPhase;
			buildActionMask = 2147483647;
			files = (
			);
			runOnlyForDeploymentPostprocessing = 0;
		};
/* End PBXFrameworksBuildPhase section */

/* Begin PBXGroup section */
		FF4192F5283ED4C7000C73F4 = {
			isa = PBXGroup;
			children = (
				FF419300283ED4C7000C73F4 /* MVPDesignPattern */,
				FF4192FF283ED4C7000C73F4 /* Products */,
			);
			sourceTree = "<group>";
		};
		FF4192FF283ED4C7000C73F4 /* Products */ = {
			isa = PBXGroup;
			children = (
				FF4192FE283ED4C7000C73F4 /* MVPDesignPattern.app */,
			);
			name = Products;
			sourceTree = "<group>";
		};
		FF419300283ED4C7000C73F4 /* MVPDesignPattern */ = {
			isa = PBXGroup;
			children = (
				FF419315283ED56D000C73F4 /* MVP */,
				FF419301283ED4C7000C73F4 /* AppDelegate.swift */,
				FF419303283ED4C7000C73F4 /* SceneDelegate.swift */,
				FF419305283ED4C7000C73F4 /* User */,
				FF419307283ED4C7000C73F4 /* Main.storyboard */,
				FF41930A283ED4CE000C73F4 /* Assets.xcassets */,
				FF41930C283ED4CE000C73F4 /* LaunchScreen.storyboard */,
				FF41930F283ED4CE000C73F4 /* Info.plist */,
			);
			path = MVPDesignPattern;
			sourceTree = "<group>";
		};
		FF419315283ED56D000C73F4 /* MVP */ = {
			isa = PBXGroup;
			children = (
				FF419318283ED5A0000C73F4 /* Presenter */,
				FF419317283ED582000C73F4 /* Model */,
				FF419316283ED57A000C73F4 /* Views */,
			);
			path = MVP;
			sourceTree = "<group>";
		};
		FF419316283ED57A000C73F4 /* Views */ = {
			isa = PBXGroup;
			children = (
				FF41931B283ED61A000C73F4 /* UserViewController.swift */,
			);
			path = Views;
			sourceTree = "<group>";
		};
		FF419317283ED582000C73F4 /* Model */ = {
			isa = PBXGroup;
			children = (
				FF41931D283ED652000C73F4 /* User.swift */,
			);
			path = Model;
			sourceTree = "<group>";
		};
		FF419318283ED5A0000C73F4 /* Presenter */ = {
			isa = PBXGroup;
			children = (
				FF419319283ED5CB000C73F4 /* Presenter.swift */,
			);
			path = Presenter;
			sourceTree = "<group>";
		};
/* End PBXGroup section */

/* Begin PBXNativeTarget section */
		FF4192FD283ED4C7000C73F4 /* MVPDesignPattern */ = {
			isa = PBXNativeTarget;
			buildConfigurationList = FF419312283ED4CE000C73F4 /* Build configuration list for PBXNativeTarget "MVPDesignPattern" */;
			buildPhases = (
				FF4192FA283ED4C7000C73F4 /* Sources */,
				FF4192FB283ED4C7000C73F4 /* Frameworks */,
				FF4192FC283ED4C7000C73F4 /* Resources */,
			);
			buildRules = (
			);
			dependencies = (
			);
			name = MVPDesignPattern;
			productName = MVPDesignPattern;
			productReference = FF4192FE283ED4C7000C73F4 /* MVPDesignPattern.app */;
			productType = "com.apple.product-type.application";
		};
/* End PBXNativeTarget section */

/* Begin PBXProject section */
		FF4192F6283ED4C7000C73F4 /* Project object */ = {
			isa = PBXProject;
			attributes = {
				BuildIndependentTargetsInParallel = 1;
				LastSwiftUpdateCheck = 1320;
				LastUpgradeCheck = 1320;
				TargetAttributes = {
					FF4192FD283ED4C7000C73F4 = {
						CreatedOnToolsVersion = 13.2.1;
					};
				};
			};
			buildConfigurationList = FF4192F9283ED4C7000C73F4 /* Build configuration list for PBXProject "MVPDesignPattern" */;
			compatibilityVersion = "Xcode 13.0";
			developmentRegion = en;
			hasScannedForEncodings = 0;
			knownRegions = (
				en,
				Base,
			);
			mainGroup = FF4192F5283ED4C7000C73F4;
			productRefGroup = FF4192FF283ED4C7000C73F4 /* Products */;
			projectDirPath = "";
			projectRoot = "";
			targets = (
				FF4192FD283ED4C7000C73F4 /* MVPDesignPattern */,
			);
		};
/* End PBXProject section */

/* Begin PBXResourcesBuildPhase section */
		FF4192FC283ED4C7000C73F4 /* Resources */ = {
			isa = PBXResourcesBuildPhase;
			buildActionMask = 2147483647;
			files = (
				FF41930E283ED4CE000C73F4 /* LaunchScreen.storyboard in Resources */,
				FF41930B283ED4CE000C73F4 /* Assets.xcassets in Resources */,
				FF419309283ED4C7000C73F4 /* Main.storyboard in Resources */,
			);
			runOnlyForDeploymentPostprocessing = 0;
		};
/* End PBXResourcesBuildPhase section */

/* Begin PBXSourcesBuildPhase section */
		FF4192FA283ED4C7000C73F4 /* Sources */ = {
			isa = PBXSourcesBuildPhase;
			buildActionMask = 2147483647;
			files = (
				FF41931A283ED5CB000C73F4 /* Presenter.swift in Sources */,
				FF41931C283ED61A000C73F4 /* UserViewController.swift in Sources */,
				FF41931E283ED652000C73F4 /* User.swift in Sources */,
				FF419306283ED4C7000C73F4 /* User in Sources */,
				FF419302283ED4C7000C73F4 /* AppDelegate.swift in Sources */,
				FF419304283ED4C7000C73F4 /* SceneDelegate.swift in Sources */,
			);
			runOnlyForDeploymentPostprocessing = 0;
		};
/* End PBXSourcesBuildPhase section */

/* Begin PBXVariantGroup section */
		FF419307283ED4C7000C73F4 /* Main.storyboard */ = {
			isa = PBXVariantGroup;
			children = (
				FF419308283ED4C7000C73F4 /* Base */,
			);
			name = Main.storyboard;
			sourceTree = "<group>";
		};
		FF41930C283ED4CE000C73F4 /* LaunchScreen.storyboard */ = {
			isa = PBXVariantGroup;
			children = (
				FF41930D283ED4CE000C73F4 /* Base */,
			);
			name = LaunchScreen.storyboard;
			sourceTree = "<group>";
		};
/* End PBXVariantGroup section */

/* Begin XCBuildConfiguration section */
		FF419310283ED4CE000C73F4 /* Debug */ = {
			isa = XCBuildConfiguration;
			buildSettings = {
				ALWAYS_SEARCH_USER_PATHS = NO;
				CLANG_ANALYZER_NONNULL = YES;
				CLANG_ANALYZER_NUMBER_OBJECT_CONVERSION = YES_AGGRESSIVE;
				CLANG_CXX_LANGUAGE_STANDARD = "gnu++17";
				CLANG_CXX_LIBRARY = "libc++";
				CLANG_ENABLE_MODULES = YES;
				CLANG_ENABLE_OBJC_ARC = YES;
				CLANG_ENABLE_OBJC_WEAK = YES;
				CLANG_WARN_BLOCK_CAPTURE_AUTORELEASING = YES;
				CLANG_WARN_BOOL_CONVERSION = YES;
				CLANG_WARN_COMMA = YES;
				CLANG_WARN_CONSTANT_CONVERSION = YES;
				CLANG_WARN_DEPRECATED_OBJC_IMPLEMENTATIONS = YES;
				CLANG_WARN_DIRECT_OBJC_ISA_USAGE = YES_ERROR;
				CLANG_WARN_DOCUMENTATION_COMMENTS = YES;
				CLANG_WARN_EMPTY_BODY = YES;
				CLANG_WARN_ENUM_CONVERSION = YES;
				CLANG_WARN_INFINITE_RECURSION = YES;
				CLANG_WARN_INT_CONVERSION = YES;
				CLANG_WARN_NON_LITERAL_NULL_CONVERSION = YES;
				CLANG_WARN_OBJC_IMPLICIT_RETAIN_SELF = YES;
				CLANG_WARN_OBJC_LITERAL_CONVERSION = YES;
				CLANG_WARN_OBJC_ROOT_CLASS = YES_ERROR;
				CLANG_WARN_QUOTED_INCLUDE_IN_FRAMEWORK_HEADER = YES;
				CLANG_WARN_RANGE_LOOP_ANALYSIS = YES;
				CLANG_WARN_STRICT_PROTOTYPES = YES;
				CLANG_WARN_SUSPICIOUS_MOVE = YES;
				CLANG_WARN_UNGUARDED_AVAILABILITY = YES_AGGRESSIVE;
				CLANG_WARN_UNREACHABLE_CODE = YES;
				CLANG_WARN__DUPLICATE_METHOD_MATCH = YES;
				COPY_PHASE_STRIP = NO;
				DEBUG_INFORMATION_FORMAT = dwarf;
				ENABLE_STRICT_OBJC_MSGSEND = YES;
				ENABLE_TESTABILITY = YES;
				GCC_C_LANGUAGE_STANDARD = gnu11;
				GCC_DYNAMIC_NO_PIC = NO;
				GCC_NO_COMMON_BLOCKS = YES;
				GCC_OPTIMIZATION_LEVEL = 0;
				GCC_PREPROCESSOR_DEFINITIONS = (
					"DEBUG=1",
					"$(inherited)",
				);
				GCC_WARN_64_TO_32_BIT_CONVERSION = YES;
				GCC_WARN_ABOUT_RETURN_TYPE = YES_ERROR;
				GCC_WARN_UNDECLARED_SELECTOR = YES;
				GCC_WARN_UNINITIALIZED_AUTOS = YES_AGGRESSIVE;
				GCC_WARN_UNUSED_FUNCTION = YES;
				GCC_WARN_UNUSED_VARIABLE = YES;
				IPHONEOS_DEPLOYMENT_TARGET = 15.2;
				MTL_ENABLE_DEBUG_INFO = INCLUDE_SOURCE;
				MTL_FAST_MATH = YES;
				ONLY_ACTIVE_ARCH = YES;
				SDKROOT = iphoneos;
				SWIFT_ACTIVE_COMPILATION_CONDITIONS = DEBUG;
				SWIFT_OPTIMIZATION_LEVEL = "-Onone";
			};
			name = Debug;
		};
		FF419311283ED4CE000C73F4 /* Release */ = {
			isa = XCBuildConfiguration;
			buildSettings = {
				ALWAYS_SEARCH_USER_PATHS = NO;
				CLANG_ANALYZER_NONNULL = YES;
				CLANG_ANALYZER_NUMBER_OBJECT_CONVERSION = YES_AGGRESSIVE;
				CLANG_CXX_LANGUAGE_STANDARD = "gnu++17";
				CLANG_CXX_LIBRARY = "libc++";
				CLANG_ENABLE_MODULES = YES;
				CLANG_ENABLE_OBJC_ARC = YES;
				CLANG_ENABLE_OBJC_WEAK = YES;
				CLANG_WARN_BLOCK_CAPTURE_AUTORELEASING = YES;
				CLANG_WARN_BOOL_CONVERSION = YES;
				CLANG_WARN_COMMA = YES;
				CLANG_WARN_CONSTANT_CONVERSION = YES;
				CLANG_WARN_DEPRECATED_OBJC_IMPLEMENTATIONS = YES;
				CLANG_WARN_DIRECT_OBJC_ISA_USAGE = YES_ERROR;
				CLANG_WARN_DOCUMENTATION_COMMENTS = YES;
				CLANG_WARN_EMPTY_BODY = YES;
				CLANG_WARN_ENUM_CONVERSION = YES;
				CLANG_WARN_INFINITE_RECURSION = YES;
				CLANG_WARN_INT_CONVERSION = YES;
				CLANG_WARN_NON_LITERAL_NULL_CONVERSION = YES;
				CLANG_WARN_OBJC_IMPLICIT_RETAIN_SELF = YES;
				CLANG_WARN_OBJC_LITERAL_CONVERSION = YES;
				CLANG_WARN_OBJC_ROOT_CLASS = YES_ERROR;
				CLANG_WARN_QUOTED_INCLUDE_IN_FRAMEWORK_HEADER = YES;
				CLANG_WARN_RANGE_LOOP_ANALYSIS = YES;
				CLANG_WARN_STRICT_PROTOTYPES = YES;
				CLANG_WARN_SUSPICIOUS_MOVE = YES;
				CLANG_WARN_UNGUARDED_AVAILABILITY = YES_AGGRESSIVE;
				CLANG_WARN_UNREACHABLE_CODE = YES;
				CLANG_WARN__DUPLICATE_METHOD_MATCH = YES;
				COPY_PHASE_STRIP = NO;
				DEBUG_INFORMATION_FORMAT = "dwarf-with-dsym";
				ENABLE_NS_ASSERTIONS = NO;
				ENABLE_STRICT_OBJC_MSGSEND = YES;
				GCC_C_LANGUAGE_STANDARD = gnu11;
				GCC_NO_COMMON_BLOCKS = YES;
				GCC_WARN_64_TO_32_BIT_CONVERSION = YES;
				GCC_WARN_ABOUT_RETURN_TYPE = YES_ERROR;
				GCC_WARN_UNDECLARED_SELECTOR = YES;
				GCC_WARN_UNINITIALIZED_AUTOS = YES_AGGRESSIVE;
				GCC_WARN_UNUSED_FUNCTION = YES;
				GCC_WARN_UNUSED_VARIABLE = YES;
				IPHONEOS_DEPLOYMENT_TARGET = 15.2;
				MTL_ENABLE_DEBUG_INFO = NO;
				MTL_FAST_MATH = YES;
				SDKROOT = iphoneos;
				SWIFT_COMPILATION_MODE = wholemodule;
				SWIFT_OPTIMIZATION_LEVEL = "-O";
				VALIDATE_PRODUCT = YES;
			};
			name = Release;
		};
		FF419313283ED4CE000C73F4 /* Debug */ = {
			isa = XCBuildConfiguration;
			buildSettings = {
				ASSETCATALOG_COMPILER_APPICON_NAME = AppIcon;
				ASSETCATALOG_COMPILER_GLOBAL_ACCENT_COLOR_NAME = AccentColor;
				CODE_SIGN_STYLE = Automatic;
				CURRENT_PROJECT_VERSION = 1;
				DEVELOPMENT_TEAM = Y2LSWUJC23;
				GENERATE_INFOPLIST_FILE = YES;
				INFOPLIST_FILE = MVPDesignPattern/Info.plist;
				INFOPLIST_KEY_UIApplicationSupportsIndirectInputEvents = YES;
				INFOPLIST_KEY_UILaunchStoryboardName = LaunchScreen;
				INFOPLIST_KEY_UIMainStoryboardFile = Main;
				INFOPLIST_KEY_UISupportedInterfaceOrientations_iPad = "UIInterfaceOrientationPortrait UIInterfaceOrientationPortraitUpsideDown UIInterfaceOrientationLandscapeLeft UIInterfaceOrientationLandscapeRight";
				INFOPLIST_KEY_UISupportedInterfaceOrientations_iPhone = "UIInterfaceOrientationPortrait UIInterfaceOrientationLandscapeLeft UIInterfaceOrientationLandscapeRight";
				LD_RUNPATH_SEARCH_PATHS = (
					"$(inherited)",
					"@executable_path/Frameworks",
				);
				MARKETING_VERSION = 1.0;
				PRODUCT_BUNDLE_IDENTIFIER = GSN.MVPDesignPattern;
				PRODUCT_NAME = "$(TARGET_NAME)";
				SWIFT_EMIT_LOC_STRINGS = YES;
				SWIFT_VERSION = 5.0;
				TARGETED_DEVICE_FAMILY = "1,2";
			};
			name = Debug;
		};
		FF419314283ED4CE000C73F4 /* Release */ = {
			isa = XCBuildConfiguration;
			buildSettings = {
				ASSETCATALOG_COMPILER_APPICON_NAME = AppIcon;
				ASSETCATALOG_COMPILER_GLOBAL_ACCENT_COLOR_NAME = AccentColor;
				CODE_SIGN_STYLE = Automatic;
				CURRENT_PROJECT_VERSION = 1;
				DEVELOPMENT_TEAM = Y2LSWUJC23;
				GENERATE_INFOPLIST_FILE = YES;
				INFOPLIST_FILE = MVPDesignPattern/Info.plist;
				INFOPLIST_KEY_UIApplicationSupportsIndirectInputEvents = YES;
				INFOPLIST_KEY_UILaunchStoryboardName = LaunchScreen;
				INFOPLIST_KEY_UIMainStoryboardFile = Main;
				INFOPLIST_KEY_UISupportedInterfaceOrientations_iPad = "UIInterfaceOrientationPortrait UIInterfaceOrientationPortraitUpsideDown UIInterfaceOrientationLandscapeLeft UIInterfaceOrientationLandscapeRight";
				INFOPLIST_KEY_UISupportedInterfaceOrientations_iPhone = "UIInterfaceOrientationPortrait UIInterfaceOrientationLandscapeLeft UIInterfaceOrientationLandscapeRight";
				LD_RUNPATH_SEARCH_PATHS = (
					"$(inherited)",
					"@executable_path/Frameworks",
				);
				MARKETING_VERSION = 1.0;
				PRODUCT_BUNDLE_IDENTIFIER = GSN.MVPDesignPattern;
				PRODUCT_NAME = "$(TARGET_NAME)";
				SWIFT_EMIT_LOC_STRINGS = YES;
				SWIFT_VERSION = 5.0;
				TARGETED_DEVICE_FAMILY = "1,2";
			};
			name = Release;
		};
/* End XCBuildConfiguration section */

/* Begin XCConfigurationList section */
		FF4192F9283ED4C7000C73F4 /* Build configuration list for PBXProject "MVPDesignPattern" */ = {
			isa = XCConfigurationList;
			buildConfigurations = (
				FF419310283ED4CE000C73F4 /* Debug */,
				FF419311283ED4CE000C73F4 /* Release */,
			);
			defaultConfigurationIsVisible = 0;
			defaultConfigurationName = Release;
		};
		FF419312283ED4CE000C73F4 /* Build configuration list for PBXNativeTarget "MVPDesignPattern" */ = {
			isa = XCConfigurationList;
			buildConfigurations = (
				FF419313283ED4CE000C73F4 /* Debug */,
				FF419314283ED4CE000C73F4 /* Release */,
			);
			defaultConfigurationIsVisible = 0;
			defaultConfigurationName = Release;
		};
/* End XCConfigurationList section */
	};
	rootObject = FF4192F6283ED4C7000C73F4 /* Project object */;
}
